
Microsoft Visual Studio Solution File, Format Version 12.00
# Visual Studio Version 17
VisualStudioVersion = 17.0.31903.59
MinimumVisualStudioVersion = 10.0.40219.1
Project("{9A19103F-16F7-4668-BE54-9A1E7A4F7556}") = "catalog-convert", "catalog-convert\catalog-convert.csproj", "{93D985E3-2A78-4188-865F-7F7C421357BF}"
EndProject
Global
	GlobalSection(SolutionConfigurationPlatforms) = preSolution
		Debug|Any CPU = Debug|Any CPU
		Debug|x64 = Debug|x64
		Debug|x86 = Debug|x86
		Release|Any CPU = Release|Any CPU
		Release|x64 = Release|x64
		Release|x86 = Release|x86
	EndGlobalSection
	GlobalSection(ProjectConfigurationPlatforms) = postSolution
		{93D985E3-2A78-4188-865F-7F7C421357BF}.Debug|Any CPU.ActiveCfg = Debug|Any CPU
		{93D985E3-2A78-4188-865F-7F7C421357BF}.Debug|Any CPU.Build.0 = Debug|Any CPU
		{93D985E3-2A78-4188-865F-7F7C421357BF}.Debug|x64.ActiveCfg = Debug|Any CPU
		{93D985E3-2A78-4188-865F-7F7C421357BF}.Debug|x64.Build.0 = Debug|Any CPU
		{93D985E3-2A78-4188-865F-7F7C421357BF}.Debug|x86.ActiveCfg = Debug|Any CPU
		{93D985E3-2A78-4188-865F-7F7C421357BF}.Debug|x86.Build.0 = Debug|Any CPU
		{93D985E3-2A78-4188-865F-7F7C421357BF}.Release|Any CPU.ActiveCfg = Release|Any CPU
		{93D985E3-2A78-4188-865F-7F7C421357BF}.Release|Any CPU.Build.0 = Release|Any CPU
		{93D985E3-2A78-4188-865F-7F7C421357BF}.Release|x64.ActiveCfg = Release|Any CPU
		{93D985E3-2A78-4188-865F-7F7C421357BF}.Release|x64.Build.0 = Release|Any CPU
		{93D985E3-2A78-4188-865F-7F7C421357BF}.Release|x86.ActiveCfg = Release|Any CPU
		{93D985E3-2A78-4188-865F-7F7C421357BF}.Release|x86.Build.0 = Release|Any CPU
	EndGlobalSection
	GlobalSection(SolutionProperties) = preSolution
		HideSolutionNode = FALSE
	EndGlobalSection
EndGlobal
